
Microsoft Visual Studio Solution File, Format Version 12.00
# Visual Studio Version 16
VisualStudioVersion = 16.0.30523.141
MinimumVisualStudioVersion = 10.0.40219.1
Project("{9A19103F-16F7-4668-BE54-9A1E7A4F7556}") = "Ioasys.Api", "Ioasys.API\Ioasys.Api.csproj", "{35BBFB81-A195-4AE1-9E42-F45BAE674350}"
EndProject
Project("{9A19103F-16F7-4668-BE54-9A1E7A4F7556}") = "Ioasys.Domain", "Ioasys.Domain\Ioasys.Domain.csproj", "{90C574A4-9ECA-4EC3-91F6-FFFCE2E6F862}"
EndProject
Project("{9A19103F-16F7-4668-BE54-9A1E7A4F7556}") = "Ioasys.Application", "Ioasys.Application\Ioasys.Application.csproj", "{C639B19F-2468-4AE0-B47D-7FE4B9D7D7B3}"
EndProject
Project("{9A19103F-16F7-4668-BE54-9A1E7A4F7556}") = "Ioasys.Adapter", "Ioasys.Adapter\Ioasys.Adapter.csproj", "{64BE7285-BC97-48B8-BD6B-A36510BBE49E}"
EndProject
Project("{FAE04EC0-301F-11D3-BF4B-00C04F79EFBC}") = "Ioasys.NUnitTest", "Ioasys.NUnitTest\Ioasys.NUnitTest.csproj", "{F78813A9-D2E0-41CE-B26C-24BD790193DB}"
EndProject
Global
	GlobalSection(SolutionConfigurationPlatforms) = preSolution
		Debug|Any CPU = Debug|Any CPU
		Release|Any CPU = Release|Any CPU
	EndGlobalSection
	GlobalSection(ProjectConfigurationPlatforms) = postSolution
		{35BBFB81-A195-4AE1-9E42-F45BAE674350}.Debug|Any CPU.ActiveCfg = Debug|Any CPU
		{35BBFB81-A195-4AE1-9E42-F45BAE674350}.Debug|Any CPU.Build.0 = Debug|Any CPU
		{35BBFB81-A195-4AE1-9E42-F45BAE674350}.Release|Any CPU.ActiveCfg = Release|Any CPU
		{35BBFB81-A195-4AE1-9E42-F45BAE674350}.Release|Any CPU.Build.0 = Release|Any CPU
		{90C574A4-9ECA-4EC3-91F6-FFFCE2E6F862}.Debug|Any CPU.ActiveCfg = Debug|Any CPU
		{90C574A4-9ECA-4EC3-91F6-FFFCE2E6F862}.Debug|Any CPU.Build.0 = Debug|Any CPU
		{90C574A4-9ECA-4EC3-91F6-FFFCE2E6F862}.Release|Any CPU.ActiveCfg = Release|Any CPU
		{90C574A4-9ECA-4EC3-91F6-FFFCE2E6F862}.Release|Any CPU.Build.0 = Release|Any CPU
		{C639B19F-2468-4AE0-B47D-7FE4B9D7D7B3}.Debug|Any CPU.ActiveCfg = Debug|Any CPU
		{C639B19F-2468-4AE0-B47D-7FE4B9D7D7B3}.Debug|Any CPU.Build.0 = Debug|Any CPU
		{C639B19F-2468-4AE0-B47D-7FE4B9D7D7B3}.Release|Any CPU.ActiveCfg = Release|Any CPU
		{C639B19F-2468-4AE0-B47D-7FE4B9D7D7B3}.Release|Any CPU.Build.0 = Release|Any CPU
		{64BE7285-BC97-48B8-BD6B-A36510BBE49E}.Debug|Any CPU.ActiveCfg = Debug|Any CPU
		{64BE7285-BC97-48B8-BD6B-A36510BBE49E}.Debug|Any CPU.Build.0 = Debug|Any CPU
		{64BE7285-BC97-48B8-BD6B-A36510BBE49E}.Release|Any CPU.ActiveCfg = Release|Any CPU
		{64BE7285-BC97-48B8-BD6B-A36510BBE49E}.Release|Any CPU.Build.0 = Release|Any CPU
		{F78813A9-D2E0-41CE-B26C-24BD790193DB}.Debug|Any CPU.ActiveCfg = Debug|Any CPU
		{F78813A9-D2E0-41CE-B26C-24BD790193DB}.Debug|Any CPU.Build.0 = Debug|Any CPU
		{F78813A9-D2E0-41CE-B26C-24BD790193DB}.Release|Any CPU.ActiveCfg = Release|Any CPU
		{F78813A9-D2E0-41CE-B26C-24BD790193DB}.Release|Any CPU.Build.0 = Release|Any CPU
	EndGlobalSection
	GlobalSection(SolutionProperties) = preSolution
		HideSolutionNode = FALSE
	EndGlobalSection
	GlobalSection(ExtensibilityGlobals) = postSolution
		SolutionGuid = {8595301F-6470-4594-BEB9-368538BBF5EE}
	EndGlobalSection
EndGlobal
